
Microsoft Visual Studio Solution File, Format Version 12.00
# Visual Studio Version 16
VisualStudioVersion = 16.0.29009.5
MinimumVisualStudioVersion = 10.0.40219.1
Project("{888888A0-9F3D-457C-B088-3A5042F75D52}") = "Ping-Pong", "Ping-Pong.pyproj", "{DBA8339E-67B6-418B-8F39-28B8AC21166C}"
EndProject
Global
	GlobalSection(SolutionConfigurationPlatforms) = preSolution
		Debug|Any CPU = Debug|Any CPU
		Release|Any CPU = Release|Any CPU
	EndGlobalSection
	GlobalSection(ProjectConfigurationPlatforms) = postSolution
		{DBA8339E-67B6-418B-8F39-28B8AC21166C}.Debug|Any CPU.ActiveCfg = Debug|Any CPU
		{DBA8339E-67B6-418B-8F39-28B8AC21166C}.Release|Any CPU.ActiveCfg = Release|Any CPU
	EndGlobalSection
	GlobalSection(SolutionProperties) = preSolution
		HideSolutionNode = FALSE
	EndGlobalSection
	GlobalSection(ExtensibilityGlobals) = postSolution
		SolutionGuid = {ADEB487A-2626-4BB8-A0AF-9349046F8631}
	EndGlobalSection
EndGlobal
